
Microsoft Visual Studio Solution File, Format Version 12.00
# Visual Studio Version 17
VisualStudioVersion = 17.0.31903.59
MinimumVisualStudioVersion = 10.0.40219.1
Project("{FAE04EC0-301F-11D3-BF4B-00C04F79EFBC}") = "CashFlow.Core", "CashFlow.Core\CashFlow.Core.csproj", "{3BBDA806-FAF5-4401-BC3E-6D9EA44AE998}"
EndProject
Global
	GlobalSection(SolutionConfigurationPlatforms) = preSolution
		Debug|Any CPU = Debug|Any CPU
		Release|Any CPU = Release|Any CPU
	EndGlobalSection
	GlobalSection(SolutionProperties) = preSolution
		HideSolutionNode = FALSE
	EndGlobalSection
	GlobalSection(ProjectConfigurationPlatforms) = postSolution
		{3BBDA806-FAF5-4401-BC3E-6D9EA44AE998}.Debug|Any CPU.ActiveCfg = Debug|Any CPU
		{3BBDA806-FAF5-4401-BC3E-6D9EA44AE998}.Debug|Any CPU.Build.0 = Debug|Any CPU
		{3BBDA806-FAF5-4401-BC3E-6D9EA44AE998}.Release|Any CPU.ActiveCfg = Release|Any CPU
		{3BBDA806-FAF5-4401-BC3E-6D9EA44AE998}.Release|Any CPU.Build.0 = Release|Any CPU
	EndGlobalSection
EndGlobal
